
Microsoft Visual Studio Solution File, Format Version 12.00
# Visual Studio Version 17
VisualStudioVersion = 17.0.32014.148
MinimumVisualStudioVersion = 10.0.40219.1
Project("{FAE04EC0-301F-11D3-BF4B-00C04F79EFBC}") = "RoeeAmzaleg_HWS_Exceptions", "RoeeAmzaleg_HWS_Exceptions\RoeeAmzaleg_HWS_Exceptions.csproj", "{37B40CF8-7F49-4E9A-B4FD-F3E5800CF3D2}"
EndProject
Global
	GlobalSection(SolutionConfigurationPlatforms) = preSolution
		Debug|Any CPU = Debug|Any CPU
		Release|Any CPU = Release|Any CPU
	EndGlobalSection
	GlobalSection(ProjectConfigurationPlatforms) = postSolution
		{37B40CF8-7F49-4E9A-B4FD-F3E5800CF3D2}.Debug|Any CPU.ActiveCfg = Debug|Any CPU
		{37B40CF8-7F49-4E9A-B4FD-F3E5800CF3D2}.Debug|Any CPU.Build.0 = Debug|Any CPU
		{37B40CF8-7F49-4E9A-B4FD-F3E5800CF3D2}.Release|Any CPU.ActiveCfg = Release|Any CPU
		{37B40CF8-7F49-4E9A-B4FD-F3E5800CF3D2}.Release|Any CPU.Build.0 = Release|Any CPU
	EndGlobalSection
	GlobalSection(SolutionProperties) = preSolution
		HideSolutionNode = FALSE
	EndGlobalSection
	GlobalSection(ExtensibilityGlobals) = postSolution
		SolutionGuid = {1E560A16-5699-46AE-927A-F1609A92AC1E}
	EndGlobalSection
EndGlobal
